
Microsoft Visual Studio Solution File, Format Version 12.00
# Visual Studio Version 16
VisualStudioVersion = 16.0.28803.352
MinimumVisualStudioVersion = 10.0.40219.1
Project("{9A19103F-16F7-4668-BE54-9A1E7A4F7556}") = "Tournament", "Duel\Tournament.csproj", "{FF447BD3-A055-4D55-9209-D87ED39BEEC0}"
EndProject
Project("{FAE04EC0-301F-11D3-BF4B-00C04F79EFBC}") = "DuelApp", "DuelApp\DuelApp.csproj", "{03A2C2DB-DC94-4F99-9071-B62280BDCC81}"
EndProject
Project("{FAE04EC0-301F-11D3-BF4B-00C04F79EFBC}") = "TournamentTests", "TournamentTests\TournamentTests.csproj", "{1D89AF7D-7145-4FA8-A4CB-6ED8C07A03ED}"
EndProject
Global
	GlobalSection(SolutionConfigurationPlatforms) = preSolution
		Debug|Any CPU = Debug|Any CPU
		Release|Any CPU = Release|Any CPU
	EndGlobalSection
	GlobalSection(ProjectConfigurationPlatforms) = postSolution
		{FF447BD3-A055-4D55-9209-D87ED39BEEC0}.Debug|Any CPU.ActiveCfg = Debug|Any CPU
		{FF447BD3-A055-4D55-9209-D87ED39BEEC0}.Debug|Any CPU.Build.0 = Debug|Any CPU
		{FF447BD3-A055-4D55-9209-D87ED39BEEC0}.Release|Any CPU.ActiveCfg = Release|Any CPU
		{FF447BD3-A055-4D55-9209-D87ED39BEEC0}.Release|Any CPU.Build.0 = Release|Any CPU
		{03A2C2DB-DC94-4F99-9071-B62280BDCC81}.Debug|Any CPU.ActiveCfg = Debug|Any CPU
		{03A2C2DB-DC94-4F99-9071-B62280BDCC81}.Debug|Any CPU.Build.0 = Debug|Any CPU
		{03A2C2DB-DC94-4F99-9071-B62280BDCC81}.Release|Any CPU.ActiveCfg = Release|Any CPU
		{03A2C2DB-DC94-4F99-9071-B62280BDCC81}.Release|Any CPU.Build.0 = Release|Any CPU
		{1D89AF7D-7145-4FA8-A4CB-6ED8C07A03ED}.Debug|Any CPU.ActiveCfg = Debug|Any CPU
		{1D89AF7D-7145-4FA8-A4CB-6ED8C07A03ED}.Debug|Any CPU.Build.0 = Debug|Any CPU
		{1D89AF7D-7145-4FA8-A4CB-6ED8C07A03ED}.Release|Any CPU.ActiveCfg = Release|Any CPU
		{1D89AF7D-7145-4FA8-A4CB-6ED8C07A03ED}.Release|Any CPU.Build.0 = Release|Any CPU
	EndGlobalSection
	GlobalSection(SolutionProperties) = preSolution
		HideSolutionNode = FALSE
	EndGlobalSection
	GlobalSection(ExtensibilityGlobals) = postSolution
		SolutionGuid = {A6E70E30-4705-4CC3-B45F-F5752616D2AF}
	EndGlobalSection
EndGlobal
